
Microsoft Visual Studio Solution File, Format Version 12.00
# Visual Studio Version 16
VisualStudioVersion = 16.0.32106.194
MinimumVisualStudioVersion = 10.0.40219.1
Project("{FAE04EC0-301F-11D3-BF4B-00C04F79EFBC}") = "QuiddlerLibrary", "QuiddlerLibrary\QuiddlerLibrary.csproj", "{EFE105D2-123B-4CCC-A46B-AF990F005E34}"
EndProject
Project("{FAE04EC0-301F-11D3-BF4B-00C04F79EFBC}") = "QuiddlerClient", "QuiddlerClient\QuiddlerClient.csproj", "{3DBA2C62-D7E4-4C71-A197-A0E9593AF95A}"
EndProject
Global
	GlobalSection(SolutionConfigurationPlatforms) = preSolution
		Debug|Any CPU = Debug|Any CPU
		Release|Any CPU = Release|Any CPU
	EndGlobalSection
	GlobalSection(ProjectConfigurationPlatforms) = postSolution
		{EFE105D2-123B-4CCC-A46B-AF990F005E34}.Debug|Any CPU.ActiveCfg = Debug|Any CPU
		{EFE105D2-123B-4CCC-A46B-AF990F005E34}.Debug|Any CPU.Build.0 = Debug|Any CPU
		{EFE105D2-123B-4CCC-A46B-AF990F005E34}.Release|Any CPU.ActiveCfg = Release|Any CPU
		{EFE105D2-123B-4CCC-A46B-AF990F005E34}.Release|Any CPU.Build.0 = Release|Any CPU
		{3DBA2C62-D7E4-4C71-A197-A0E9593AF95A}.Debug|Any CPU.ActiveCfg = Debug|Any CPU
		{3DBA2C62-D7E4-4C71-A197-A0E9593AF95A}.Debug|Any CPU.Build.0 = Debug|Any CPU
		{3DBA2C62-D7E4-4C71-A197-A0E9593AF95A}.Release|Any CPU.ActiveCfg = Release|Any CPU
		{3DBA2C62-D7E4-4C71-A197-A0E9593AF95A}.Release|Any CPU.Build.0 = Release|Any CPU
	EndGlobalSection
	GlobalSection(SolutionProperties) = preSolution
		HideSolutionNode = FALSE
	EndGlobalSection
	GlobalSection(ExtensibilityGlobals) = postSolution
		SolutionGuid = {D50A3108-6141-49FC-9972-E447E1EFED72}
	EndGlobalSection
EndGlobal
