
Microsoft Visual Studio Solution File, Format Version 12.00
# Visual Studio Version 16
VisualStudioVersion = 16.0.32106.194
MinimumVisualStudioVersion = 10.0.40219.1
Project("{FAE04EC0-301F-11D3-BF4B-00C04F79EFBC}") = "QuiddlerLibrary", "QuiddlerLibrary\QuiddlerLibrary.csproj", "{A16E9A2F-8B93-492B-8515-B1BFF3008B7B}"
EndProject
Project("{FAE04EC0-301F-11D3-BF4B-00C04F79EFBC}") = "QuiddlerClient", "QuiddlerClient\QuiddlerClient.csproj", "{1ECCCCC3-D6B8-4DAC-ADB4-FCD4DEC0A023}"
EndProject
Global
	GlobalSection(SolutionConfigurationPlatforms) = preSolution
		Debug|Any CPU = Debug|Any CPU
		Release|Any CPU = Release|Any CPU
	EndGlobalSection
	GlobalSection(ProjectConfigurationPlatforms) = postSolution
		{A16E9A2F-8B93-492B-8515-B1BFF3008B7B}.Debug|Any CPU.ActiveCfg = Debug|Any CPU
		{A16E9A2F-8B93-492B-8515-B1BFF3008B7B}.Debug|Any CPU.Build.0 = Debug|Any CPU
		{A16E9A2F-8B93-492B-8515-B1BFF3008B7B}.Release|Any CPU.ActiveCfg = Release|Any CPU
		{A16E9A2F-8B93-492B-8515-B1BFF3008B7B}.Release|Any CPU.Build.0 = Release|Any CPU
		{1ECCCCC3-D6B8-4DAC-ADB4-FCD4DEC0A023}.Debug|Any CPU.ActiveCfg = Debug|Any CPU
		{1ECCCCC3-D6B8-4DAC-ADB4-FCD4DEC0A023}.Debug|Any CPU.Build.0 = Debug|Any CPU
		{1ECCCCC3-D6B8-4DAC-ADB4-FCD4DEC0A023}.Release|Any CPU.ActiveCfg = Release|Any CPU
		{1ECCCCC3-D6B8-4DAC-ADB4-FCD4DEC0A023}.Release|Any CPU.Build.0 = Release|Any CPU
	EndGlobalSection
	GlobalSection(SolutionProperties) = preSolution
		HideSolutionNode = FALSE
	EndGlobalSection
	GlobalSection(ExtensibilityGlobals) = postSolution
		SolutionGuid = {A313EC79-B3B7-412B-A2E7-58E3F608F375}
	EndGlobalSection
EndGlobal
